
Microsoft Visual Studio Solution File, Format Version 12.00
# Visual Studio 15
VisualStudioVersion = 15.0.28010.2050
MinimumVisualStudioVersion = 10.0.40219.1
Project("{FAE04EC0-301F-11D3-BF4B-00C04F79EFBC}") = "UDPProxy", "UDPProxy\UDPProxy.csproj", "{630052EC-A2E3-41D7-98C0-7896F4FA6E49}"
EndProject
Project("{FAE04EC0-301F-11D3-BF4B-00C04F79EFBC}") = "SensorREST", "SensorREST\SensorREST.csproj", "{D30BC2E2-1751-4AC0-89AE-8DEB52E8C43C}"
EndProject
Project("{FAE04EC0-301F-11D3-BF4B-00C04F79EFBC}") = "ModelLib", "ModelLib\ModelLib.csproj", "{DC065142-9B6B-4187-BF57-BA0E3B6F47A0}"
EndProject
Global
	GlobalSection(SolutionConfigurationPlatforms) = preSolution
		Debug|Any CPU = Debug|Any CPU
		Release|Any CPU = Release|Any CPU
	EndGlobalSection
	GlobalSection(ProjectConfigurationPlatforms) = postSolution
		{630052EC-A2E3-41D7-98C0-7896F4FA6E49}.Debug|Any CPU.ActiveCfg = Debug|Any CPU
		{630052EC-A2E3-41D7-98C0-7896F4FA6E49}.Debug|Any CPU.Build.0 = Debug|Any CPU
		{630052EC-A2E3-41D7-98C0-7896F4FA6E49}.Release|Any CPU.ActiveCfg = Release|Any CPU
		{630052EC-A2E3-41D7-98C0-7896F4FA6E49}.Release|Any CPU.Build.0 = Release|Any CPU
		{D30BC2E2-1751-4AC0-89AE-8DEB52E8C43C}.Debug|Any CPU.ActiveCfg = Debug|Any CPU
		{D30BC2E2-1751-4AC0-89AE-8DEB52E8C43C}.Debug|Any CPU.Build.0 = Debug|Any CPU
		{D30BC2E2-1751-4AC0-89AE-8DEB52E8C43C}.Release|Any CPU.ActiveCfg = Release|Any CPU
		{D30BC2E2-1751-4AC0-89AE-8DEB52E8C43C}.Release|Any CPU.Build.0 = Release|Any CPU
		{DC065142-9B6B-4187-BF57-BA0E3B6F47A0}.Debug|Any CPU.ActiveCfg = Debug|Any CPU
		{DC065142-9B6B-4187-BF57-BA0E3B6F47A0}.Debug|Any CPU.Build.0 = Debug|Any CPU
		{DC065142-9B6B-4187-BF57-BA0E3B6F47A0}.Release|Any CPU.ActiveCfg = Release|Any CPU
		{DC065142-9B6B-4187-BF57-BA0E3B6F47A0}.Release|Any CPU.Build.0 = Release|Any CPU
	EndGlobalSection
	GlobalSection(SolutionProperties) = preSolution
		HideSolutionNode = FALSE
	EndGlobalSection
	GlobalSection(ExtensibilityGlobals) = postSolution
		SolutionGuid = {CB9E91A3-CBB1-47E6-AEFB-2837F83B00D3}
	EndGlobalSection
EndGlobal
